
Microsoft Visual Studio Solution File, Format Version 12.00
# Visual Studio 14
VisualStudioVersion = 14.0.25123.0
MinimumVisualStudioVersion = 10.0.40219.1
Project("{2150E333-8FDC-42A3-9474-1A3956D46DE8}") = "Controllers", "Controllers", "{4A48FCFE-4776-49FA-8388-81206D29D662}"
EndProject
Project("{2150E333-8FDC-42A3-9474-1A3956D46DE8}") = "Engines", "Engines", "{9CFAAF30-E267-44AD-B4BE-01765D97BF6F}"
EndProject
Project("{FAE04EC0-301F-11D3-BF4B-00C04F79EFBC}") = "MazeRunner.Engine.SimpleMazeRunner", "MazeRunner.Engine.SimpleMazeRunner\MazeRunner.Engine.SimpleMazeRunner.csproj", "{DA4A2577-95C1-452A-B9AD-BF6040CE32B1}"
EndProject
Project("{2150E333-8FDC-42A3-9474-1A3956D46DE8}") = "_Testbeds", "_Testbeds", "{2386760D-B69E-4ED3-B718-46EDB720ED66}"
EndProject
Project("{FAE04EC0-301F-11D3-BF4B-00C04F79EFBC}") = "MazeRunner.EnginesFactory", "MazeRunner.EnginesFactory\MazeRunner.EnginesFactory.csproj", "{BE0D49BF-F400-4072-85B6-603F1C7548AC}"
EndProject
Project("{FAE04EC0-301F-11D3-BF4B-00C04F79EFBC}") = "MazeRunner.Mazes", "MazeRunner.Mazes\MazeRunner.Mazes.csproj", "{71BD56B3-B998-472A-9BAB-A9AC7DF799D2}"
EndProject
Project("{FAE04EC0-301F-11D3-BF4B-00C04F79EFBC}") = "MazeRunner.Utils", "MazeRunner.Utils\MazeRunner.Utils.csproj", "{FD1A26F8-7086-48FD-AAA8-AD8BF503BE95}"
EndProject
Project("{FAE04EC0-301F-11D3-BF4B-00C04F79EFBC}") = "MazeRunner.Contracts", "MazeRunner.Contracts\MazeRunner.Contracts.csproj", "{80AE6FCD-A0F9-48A9-B3BF-CA06F0CA6BB1}"
EndProject
Project("{FAE04EC0-301F-11D3-BF4B-00C04F79EFBC}") = "MazeRunner.Tests", "MazeRunner.Tests\MazeRunner.Tests.csproj", "{48BF2ADB-CB42-4272-834D-4329AD55002E}"
EndProject
Project("{FAE04EC0-301F-11D3-BF4B-00C04F79EFBC}") = "MazeRunner.Cli", "MazeRunner.Cli\MazeRunner.Cli.csproj", "{0F48B759-37A5-40FC-9082-4E7419D192D4}"
EndProject
Project("{FAE04EC0-301F-11D3-BF4B-00C04F79EFBC}") = "MazeRunner.TestbedUI", "MazeRunner.TestbedUI\MazeRunner.TestbedUI.csproj", "{29D83190-6BDA-498E-B7FD-B1796A4AECB9}"
EndProject
Global
	GlobalSection(SolutionConfigurationPlatforms) = preSolution
		Debug|Any CPU = Debug|Any CPU
		Release|Any CPU = Release|Any CPU
	EndGlobalSection
	GlobalSection(ProjectConfigurationPlatforms) = postSolution
		{DA4A2577-95C1-452A-B9AD-BF6040CE32B1}.Debug|Any CPU.ActiveCfg = Debug|Any CPU
		{DA4A2577-95C1-452A-B9AD-BF6040CE32B1}.Debug|Any CPU.Build.0 = Debug|Any CPU
		{DA4A2577-95C1-452A-B9AD-BF6040CE32B1}.Release|Any CPU.ActiveCfg = Release|Any CPU
		{DA4A2577-95C1-452A-B9AD-BF6040CE32B1}.Release|Any CPU.Build.0 = Release|Any CPU
		{BE0D49BF-F400-4072-85B6-603F1C7548AC}.Debug|Any CPU.ActiveCfg = Debug|Any CPU
		{BE0D49BF-F400-4072-85B6-603F1C7548AC}.Debug|Any CPU.Build.0 = Debug|Any CPU
		{BE0D49BF-F400-4072-85B6-603F1C7548AC}.Release|Any CPU.ActiveCfg = Release|Any CPU
		{BE0D49BF-F400-4072-85B6-603F1C7548AC}.Release|Any CPU.Build.0 = Release|Any CPU
		{71BD56B3-B998-472A-9BAB-A9AC7DF799D2}.Debug|Any CPU.ActiveCfg = Debug|Any CPU
		{71BD56B3-B998-472A-9BAB-A9AC7DF799D2}.Debug|Any CPU.Build.0 = Debug|Any CPU
		{71BD56B3-B998-472A-9BAB-A9AC7DF799D2}.Release|Any CPU.ActiveCfg = Release|Any CPU
		{71BD56B3-B998-472A-9BAB-A9AC7DF799D2}.Release|Any CPU.Build.0 = Release|Any CPU
		{FD1A26F8-7086-48FD-AAA8-AD8BF503BE95}.Debug|Any CPU.ActiveCfg = Debug|Any CPU
		{FD1A26F8-7086-48FD-AAA8-AD8BF503BE95}.Debug|Any CPU.Build.0 = Debug|Any CPU
		{FD1A26F8-7086-48FD-AAA8-AD8BF503BE95}.Release|Any CPU.ActiveCfg = Release|Any CPU
		{FD1A26F8-7086-48FD-AAA8-AD8BF503BE95}.Release|Any CPU.Build.0 = Release|Any CPU
		{80AE6FCD-A0F9-48A9-B3BF-CA06F0CA6BB1}.Debug|Any CPU.ActiveCfg = Debug|Any CPU
		{80AE6FCD-A0F9-48A9-B3BF-CA06F0CA6BB1}.Debug|Any CPU.Build.0 = Debug|Any CPU
		{80AE6FCD-A0F9-48A9-B3BF-CA06F0CA6BB1}.Release|Any CPU.ActiveCfg = Release|Any CPU
		{80AE6FCD-A0F9-48A9-B3BF-CA06F0CA6BB1}.Release|Any CPU.Build.0 = Release|Any CPU
		{48BF2ADB-CB42-4272-834D-4329AD55002E}.Debug|Any CPU.ActiveCfg = Debug|Any CPU
		{48BF2ADB-CB42-4272-834D-4329AD55002E}.Debug|Any CPU.Build.0 = Debug|Any CPU
		{48BF2ADB-CB42-4272-834D-4329AD55002E}.Release|Any CPU.ActiveCfg = Release|Any CPU
		{48BF2ADB-CB42-4272-834D-4329AD55002E}.Release|Any CPU.Build.0 = Release|Any CPU
		{0F48B759-37A5-40FC-9082-4E7419D192D4}.Debug|Any CPU.ActiveCfg = Debug|Any CPU
		{0F48B759-37A5-40FC-9082-4E7419D192D4}.Debug|Any CPU.Build.0 = Debug|Any CPU
		{0F48B759-37A5-40FC-9082-4E7419D192D4}.Release|Any CPU.ActiveCfg = Release|Any CPU
		{0F48B759-37A5-40FC-9082-4E7419D192D4}.Release|Any CPU.Build.0 = Release|Any CPU
		{29D83190-6BDA-498E-B7FD-B1796A4AECB9}.Debug|Any CPU.ActiveCfg = Debug|Any CPU
		{29D83190-6BDA-498E-B7FD-B1796A4AECB9}.Debug|Any CPU.Build.0 = Debug|Any CPU
		{29D83190-6BDA-498E-B7FD-B1796A4AECB9}.Release|Any CPU.ActiveCfg = Release|Any CPU
		{29D83190-6BDA-498E-B7FD-B1796A4AECB9}.Release|Any CPU.Build.0 = Release|Any CPU
	EndGlobalSection
	GlobalSection(SolutionProperties) = preSolution
		HideSolutionNode = FALSE
	EndGlobalSection
	GlobalSection(NestedProjects) = preSolution
		{DA4A2577-95C1-452A-B9AD-BF6040CE32B1} = {9CFAAF30-E267-44AD-B4BE-01765D97BF6F}
		{48BF2ADB-CB42-4272-834D-4329AD55002E} = {2386760D-B69E-4ED3-B718-46EDB720ED66}
		{0F48B759-37A5-40FC-9082-4E7419D192D4} = {4A48FCFE-4776-49FA-8388-81206D29D662}
		{29D83190-6BDA-498E-B7FD-B1796A4AECB9} = {4A48FCFE-4776-49FA-8388-81206D29D662}
	EndGlobalSection
EndGlobal
