
Microsoft Visual Studio Solution File, Format Version 12.00
# Visual Studio 14
VisualStudioVersion = 14.0.25123.0
MinimumVisualStudioVersion = 10.0.40219.1
Project("{FAE04EC0-301F-11D3-BF4B-00C04F79EFBC}") = "MazeRunner.TestbedUI", "MazeRunner.TestbedUI\MazeRunner.TestbedUI.csproj", "{FF909708-3A9C-4DF2-9C4F-F2E601DA7957}"
EndProject
Project("{FAE04EC0-301F-11D3-BF4B-00C04F79EFBC}") = "MazeRunner.Shared", "MazeRunner.Shared\MazeRunner.Shared.csproj", "{DFD6EB8C-9033-42EC-AE63-803D07DECA2A}"
EndProject
Project("{FAE04EC0-301F-11D3-BF4B-00C04F79EFBC}") = "MazeRunner.Mazes", "MazeRunner.Mazes\MazeRunner.Mazes.csproj", "{D264CDC6-B5CD-4146-B056-7D22BFE10F75}"
EndProject
Project("{FAE04EC0-301F-11D3-BF4B-00C04F79EFBC}") = "MazeRunner.Controller", "MazeRunner.Controller\MazeRunner.Controller.csproj", "{ACDA8E1E-D162-48BC-AA4F-66204CC7AE27}"
EndProject
Project("{2150E333-8FDC-42A3-9474-1A3956D46DE8}") = "EndPoints", "EndPoints", "{4A48FCFE-4776-49FA-8388-81206D29D662}"
EndProject
Project("{FAE04EC0-301F-11D3-BF4B-00C04F79EFBC}") = "MazeRunner.Tests", "MazeRunner.Tests\MazeRunner.Tests.csproj", "{EE3176E8-D6D3-4D59-9F91-D41FF0C388B8}"
EndProject
Project("{2150E333-8FDC-42A3-9474-1A3956D46DE8}") = "Engines", "Engines", "{9CFAAF30-E267-44AD-B4BE-01765D97BF6F}"
EndProject
Project("{FAE04EC0-301F-11D3-BF4B-00C04F79EFBC}") = "MazeRunner.Engine.SimpleMazeRunner", "MazeRunner.Engine.SimpleMazeRunner\MazeRunner.Engine.SimpleMazeRunner.csproj", "{DA4A2577-95C1-452A-B9AD-BF6040CE32B1}"
EndProject
Project("{2150E333-8FDC-42A3-9474-1A3956D46DE8}") = "_Testbeds", "_Testbeds", "{2386760D-B69E-4ED3-B718-46EDB720ED66}"
EndProject
Project("{FAE04EC0-301F-11D3-BF4B-00C04F79EFBC}") = "MazeRunner.EnginesFactory", "MazeRunner.EnginesFactory\MazeRunner.EnginesFactory.csproj", "{BE0D49BF-F400-4072-85B6-603F1C7548AC}"
EndProject
Global
	GlobalSection(SolutionConfigurationPlatforms) = preSolution
		Debug|Any CPU = Debug|Any CPU
		Release|Any CPU = Release|Any CPU
	EndGlobalSection
	GlobalSection(ProjectConfigurationPlatforms) = postSolution
		{FF909708-3A9C-4DF2-9C4F-F2E601DA7957}.Debug|Any CPU.ActiveCfg = Debug|Any CPU
		{FF909708-3A9C-4DF2-9C4F-F2E601DA7957}.Debug|Any CPU.Build.0 = Debug|Any CPU
		{FF909708-3A9C-4DF2-9C4F-F2E601DA7957}.Release|Any CPU.ActiveCfg = Release|Any CPU
		{FF909708-3A9C-4DF2-9C4F-F2E601DA7957}.Release|Any CPU.Build.0 = Release|Any CPU
		{DFD6EB8C-9033-42EC-AE63-803D07DECA2A}.Debug|Any CPU.ActiveCfg = Debug|Any CPU
		{DFD6EB8C-9033-42EC-AE63-803D07DECA2A}.Debug|Any CPU.Build.0 = Debug|Any CPU
		{DFD6EB8C-9033-42EC-AE63-803D07DECA2A}.Release|Any CPU.ActiveCfg = Release|Any CPU
		{DFD6EB8C-9033-42EC-AE63-803D07DECA2A}.Release|Any CPU.Build.0 = Release|Any CPU
		{D264CDC6-B5CD-4146-B056-7D22BFE10F75}.Debug|Any CPU.ActiveCfg = Debug|Any CPU
		{D264CDC6-B5CD-4146-B056-7D22BFE10F75}.Debug|Any CPU.Build.0 = Debug|Any CPU
		{D264CDC6-B5CD-4146-B056-7D22BFE10F75}.Release|Any CPU.ActiveCfg = Release|Any CPU
		{D264CDC6-B5CD-4146-B056-7D22BFE10F75}.Release|Any CPU.Build.0 = Release|Any CPU
		{ACDA8E1E-D162-48BC-AA4F-66204CC7AE27}.Debug|Any CPU.ActiveCfg = Debug|Any CPU
		{ACDA8E1E-D162-48BC-AA4F-66204CC7AE27}.Debug|Any CPU.Build.0 = Debug|Any CPU
		{ACDA8E1E-D162-48BC-AA4F-66204CC7AE27}.Release|Any CPU.ActiveCfg = Release|Any CPU
		{ACDA8E1E-D162-48BC-AA4F-66204CC7AE27}.Release|Any CPU.Build.0 = Release|Any CPU
		{EE3176E8-D6D3-4D59-9F91-D41FF0C388B8}.Debug|Any CPU.ActiveCfg = Debug|Any CPU
		{EE3176E8-D6D3-4D59-9F91-D41FF0C388B8}.Debug|Any CPU.Build.0 = Debug|Any CPU
		{EE3176E8-D6D3-4D59-9F91-D41FF0C388B8}.Release|Any CPU.ActiveCfg = Release|Any CPU
		{EE3176E8-D6D3-4D59-9F91-D41FF0C388B8}.Release|Any CPU.Build.0 = Release|Any CPU
		{DA4A2577-95C1-452A-B9AD-BF6040CE32B1}.Debug|Any CPU.ActiveCfg = Debug|Any CPU
		{DA4A2577-95C1-452A-B9AD-BF6040CE32B1}.Debug|Any CPU.Build.0 = Debug|Any CPU
		{DA4A2577-95C1-452A-B9AD-BF6040CE32B1}.Release|Any CPU.ActiveCfg = Release|Any CPU
		{DA4A2577-95C1-452A-B9AD-BF6040CE32B1}.Release|Any CPU.Build.0 = Release|Any CPU
		{BE0D49BF-F400-4072-85B6-603F1C7548AC}.Debug|Any CPU.ActiveCfg = Debug|Any CPU
		{BE0D49BF-F400-4072-85B6-603F1C7548AC}.Debug|Any CPU.Build.0 = Debug|Any CPU
		{BE0D49BF-F400-4072-85B6-603F1C7548AC}.Release|Any CPU.ActiveCfg = Release|Any CPU
		{BE0D49BF-F400-4072-85B6-603F1C7548AC}.Release|Any CPU.Build.0 = Release|Any CPU
	EndGlobalSection
	GlobalSection(SolutionProperties) = preSolution
		HideSolutionNode = FALSE
	EndGlobalSection
	GlobalSection(NestedProjects) = preSolution
		{FF909708-3A9C-4DF2-9C4F-F2E601DA7957} = {4A48FCFE-4776-49FA-8388-81206D29D662}
		{ACDA8E1E-D162-48BC-AA4F-66204CC7AE27} = {4A48FCFE-4776-49FA-8388-81206D29D662}
		{DA4A2577-95C1-452A-B9AD-BF6040CE32B1} = {9CFAAF30-E267-44AD-B4BE-01765D97BF6F}
		{EE3176E8-D6D3-4D59-9F91-D41FF0C388B8} = {2386760D-B69E-4ED3-B718-46EDB720ED66}
	EndGlobalSection
EndGlobal
