
Microsoft Visual Studio Solution File, Format Version 12.00
# Visual Studio 14
VisualStudioVersion = 14.0.25123.0
MinimumVisualStudioVersion = 10.0.40219.1
Project("{FAE04EC0-301F-11D3-BF4B-00C04F79EFBC}") = "MazeRunner.TestbedUI", "MazeRunner.TestbedUI\MazeRunner.TestbedUI.csproj", "{FF909708-3A9C-4DF2-9C4F-F2E601DA7957}"
EndProject
Project("{FAE04EC0-301F-11D3-BF4B-00C04F79EFBC}") = "MazeRunner.Shared", "MazeRunner.Shared\MazeRunner.Shared.csproj", "{DFD6EB8C-9033-42EC-AE63-803D07DECA2A}"
EndProject
Project("{FAE04EC0-301F-11D3-BF4B-00C04F79EFBC}") = "MazeRunner.Mazes", "MazeRunner.Mazes\MazeRunner.Mazes.csproj", "{D264CDC6-B5CD-4146-B056-7D22BFE10F75}"
EndProject
Project("{FAE04EC0-301F-11D3-BF4B-00C04F79EFBC}") = "MazeRunner.Controller", "MazeRunner.Controller\MazeRunner.Controller.csproj", "{ACDA8E1E-D162-48BC-AA4F-66204CC7AE27}"
EndProject
Project("{2150E333-8FDC-42A3-9474-1A3956D46DE8}") = "EndPoints", "EndPoints", "{4A48FCFE-4776-49FA-8388-81206D29D662}"
EndProject
Project("{FAE04EC0-301F-11D3-BF4B-00C04F79EFBC}") = "MazeRunner.Tests", "MazeRunner.Tests\MazeRunner.Tests.csproj", "{EE3176E8-D6D3-4D59-9F91-D41FF0C388B8}"
EndProject
Project("{FAE04EC0-301F-11D3-BF4B-00C04F79EFBC}") = "MazeRunner.SimpleMazeRunner", "MazeRunner.SimpleMazeRunner\MazeRunner.SimpleMazeRunner.csproj", "{00BA4D89-486D-4806-80C5-DC7135960C9A}"
EndProject
Global
	GlobalSection(SolutionConfigurationPlatforms) = preSolution
		Debug|Any CPU = Debug|Any CPU
		Release|Any CPU = Release|Any CPU
	EndGlobalSection
	GlobalSection(ProjectConfigurationPlatforms) = postSolution
		{FF909708-3A9C-4DF2-9C4F-F2E601DA7957}.Debug|Any CPU.ActiveCfg = Debug|Any CPU
		{FF909708-3A9C-4DF2-9C4F-F2E601DA7957}.Debug|Any CPU.Build.0 = Debug|Any CPU
		{FF909708-3A9C-4DF2-9C4F-F2E601DA7957}.Release|Any CPU.ActiveCfg = Release|Any CPU
		{FF909708-3A9C-4DF2-9C4F-F2E601DA7957}.Release|Any CPU.Build.0 = Release|Any CPU
		{DFD6EB8C-9033-42EC-AE63-803D07DECA2A}.Debug|Any CPU.ActiveCfg = Debug|Any CPU
		{DFD6EB8C-9033-42EC-AE63-803D07DECA2A}.Debug|Any CPU.Build.0 = Debug|Any CPU
		{DFD6EB8C-9033-42EC-AE63-803D07DECA2A}.Release|Any CPU.ActiveCfg = Release|Any CPU
		{DFD6EB8C-9033-42EC-AE63-803D07DECA2A}.Release|Any CPU.Build.0 = Release|Any CPU
		{D264CDC6-B5CD-4146-B056-7D22BFE10F75}.Debug|Any CPU.ActiveCfg = Debug|Any CPU
		{D264CDC6-B5CD-4146-B056-7D22BFE10F75}.Debug|Any CPU.Build.0 = Debug|Any CPU
		{D264CDC6-B5CD-4146-B056-7D22BFE10F75}.Release|Any CPU.ActiveCfg = Release|Any CPU
		{D264CDC6-B5CD-4146-B056-7D22BFE10F75}.Release|Any CPU.Build.0 = Release|Any CPU
		{ACDA8E1E-D162-48BC-AA4F-66204CC7AE27}.Debug|Any CPU.ActiveCfg = Debug|Any CPU
		{ACDA8E1E-D162-48BC-AA4F-66204CC7AE27}.Debug|Any CPU.Build.0 = Debug|Any CPU
		{ACDA8E1E-D162-48BC-AA4F-66204CC7AE27}.Release|Any CPU.ActiveCfg = Release|Any CPU
		{ACDA8E1E-D162-48BC-AA4F-66204CC7AE27}.Release|Any CPU.Build.0 = Release|Any CPU
		{EE3176E8-D6D3-4D59-9F91-D41FF0C388B8}.Debug|Any CPU.ActiveCfg = Debug|Any CPU
		{EE3176E8-D6D3-4D59-9F91-D41FF0C388B8}.Debug|Any CPU.Build.0 = Debug|Any CPU
		{EE3176E8-D6D3-4D59-9F91-D41FF0C388B8}.Release|Any CPU.ActiveCfg = Release|Any CPU
		{EE3176E8-D6D3-4D59-9F91-D41FF0C388B8}.Release|Any CPU.Build.0 = Release|Any CPU
		{00BA4D89-486D-4806-80C5-DC7135960C9A}.Debug|Any CPU.ActiveCfg = Debug|Any CPU
		{00BA4D89-486D-4806-80C5-DC7135960C9A}.Debug|Any CPU.Build.0 = Debug|Any CPU
		{00BA4D89-486D-4806-80C5-DC7135960C9A}.Release|Any CPU.ActiveCfg = Release|Any CPU
		{00BA4D89-486D-4806-80C5-DC7135960C9A}.Release|Any CPU.Build.0 = Release|Any CPU
	EndGlobalSection
	GlobalSection(SolutionProperties) = preSolution
		HideSolutionNode = FALSE
	EndGlobalSection
	GlobalSection(NestedProjects) = preSolution
		{FF909708-3A9C-4DF2-9C4F-F2E601DA7957} = {4A48FCFE-4776-49FA-8388-81206D29D662}
		{ACDA8E1E-D162-48BC-AA4F-66204CC7AE27} = {4A48FCFE-4776-49FA-8388-81206D29D662}
	EndGlobalSection
EndGlobal
